// !$*UTF8*$!
{
	archiveVersion = 1;
	classes = {
	};
	objectVersion = 48;
	objects = {

/* Begin PBXBuildFile section */
		04709AE12077398D00D43416 /* MainViewController.swift in Sources */ = {isa = PBXBuildFile; fileRef = 04709AE02077398D00D43416 /* MainViewController.swift */; };
		04709AE320776DC100D43416 /* LibraryMapViewController.swift in Sources */ = {isa = PBXBuildFile; fileRef = 04709AE220776DC000D43416 /* LibraryMapViewController.swift */; };
		04709AE520776E1100D43416 /* EditMapTextViewController.swift in Sources */ = {isa = PBXBuildFile; fileRef = 04709AE420776E1100D43416 /* EditMapTextViewController.swift */; };
		04709AE72078D72F00D43416 /* AudCellModel.swift in Sources */ = {isa = PBXBuildFile; fileRef = 04709AE62078D72F00D43416 /* AudCellModel.swift */; };
		048D9528206308FF009A9D39 /* AppDelegate.swift in Sources */ = {isa = PBXBuildFile; fileRef = 048D9527206308FF009A9D39 /* AppDelegate.swift */; };
		048D952A206308FF009A9D39 /* ViewController.swift in Sources */ = {isa = PBXBuildFile; fileRef = 048D9529206308FF009A9D39 /* ViewController.swift */; };
		048D952D206308FF009A9D39 /* Main.storyboard in Resources */ = {isa = PBXBuildFile; fileRef = 048D952B206308FF009A9D39 /* Main.storyboard */; };
		048D952F206308FF009A9D39 /* Assets.xcassets in Resources */ = {isa = PBXBuildFile; fileRef = 048D952E206308FF009A9D39 /* Assets.xcassets */; };
		048D9532206308FF009A9D39 /* LaunchScreen.storyboard in Resources */ = {isa = PBXBuildFile; fileRef = 048D9530206308FF009A9D39 /* LaunchScreen.storyboard */; };
		04AA1A7F20752A78002AABA9 /* SecSettingViewController.swift in Sources */ = {isa = PBXBuildFile; fileRef = 04AA1A7E20752A78002AABA9 /* SecSettingViewController.swift */; };
		04AE9341209B8C15000ECC4D /* GoogleService-Info.plist in Resources */ = {isa = PBXBuildFile; fileRef = 04AE9340209B8C15000ECC4D /* GoogleService-Info.plist */; };
		04C5F15020637635003530B7 /* FirSettingViewController.swift in Sources */ = {isa = PBXBuildFile; fileRef = 04C5F14F20637635003530B7 /* FirSettingViewController.swift */; };
		04C5F1652063C3BA003530B7 /* CustomTableViewCell.swift in Sources */ = {isa = PBXBuildFile; fileRef = 04C5F1632063C3BA003530B7 /* CustomTableViewCell.swift */; };
		04C5F1662063C3BA003530B7 /* CustomTableViewCell.xib in Resources */ = {isa = PBXBuildFile; fileRef = 04C5F1642063C3BA003530B7 /* CustomTableViewCell.xib */; };
		04EAF3AD2063EDBF00D2C9A3 /* SettingTableViewCell.swift in Sources */ = {isa = PBXBuildFile; fileRef = 04EAF3AB2063EDBF00D2C9A3 /* SettingTableViewCell.swift */; };
		04EAF3AE2063EDBF00D2C9A3 /* SettingTableViewCell.xib in Resources */ = {isa = PBXBuildFile; fileRef = 04EAF3AC2063EDBF00D2C9A3 /* SettingTableViewCell.xib */; };
		C5D00E12F1A22CC3BC6B013B /* Pods_IOSDev.framework in Frameworks */ = {isa = PBXBuildFile; fileRef = B2ABD43CF164BB7A5234DDA4 /* Pods_IOSDev.framework */; };
/* End PBXBuildFile section */

/* Begin PBXFileReference section */
		04709AE02077398D00D43416 /* MainViewController.swift */ = {isa = PBXFileReference; lastKnownFileType = sourcecode.swift; path = MainViewController.swift; sourceTree = "<group>"; };
		04709AE220776DC000D43416 /* LibraryMapViewController.swift */ = {isa = PBXFileReference; lastKnownFileType = sourcecode.swift; path = LibraryMapViewController.swift; sourceTree = "<group>"; };
		04709AE420776E1100D43416 /* EditMapTextViewController.swift */ = {isa = PBXFileReference; lastKnownFileType = sourcecode.swift; path = EditMapTextViewController.swift; sourceTree = "<group>"; };
		04709AE62078D72F00D43416 /* AudCellModel.swift */ = {isa = PBXFileReference; lastKnownFileType = sourcecode.swift; path = AudCellModel.swift; sourceTree = "<group>"; };
		048D9524206308FF009A9D39 /* IOSDev.app */ = {isa = PBXFileReference; explicitFileType = wrapper.application; includeInIndex = 0; path = IOSDev.app; sourceTree = BUILT_PRODUCTS_DIR; };
		048D9527206308FF009A9D39 /* AppDelegate.swift */ = {isa = PBXFileReference; lastKnownFileType = sourcecode.swift; path = AppDelegate.swift; sourceTree = "<group>"; };
		048D9529206308FF009A9D39 /* ViewController.swift */ = {isa = PBXFileReference; lastKnownFileType = sourcecode.swift; path = ViewController.swift; sourceTree = "<group>"; };
		048D952C206308FF009A9D39 /* Base */ = {isa = PBXFileReference; lastKnownFileType = file.storyboard; name = Base; path = Base.lproj/Main.storyboard; sourceTree = "<group>"; };
		048D952E206308FF009A9D39 /* Assets.xcassets */ = {isa = PBXFileReference; lastKnownFileType = folder.assetcatalog; path = Assets.xcassets; sourceTree = "<group>"; };
		048D9531206308FF009A9D39 /* Base */ = {isa = PBXFileReference; lastKnownFileType = file.storyboard; name = Base; path = Base.lproj/LaunchScreen.storyboard; sourceTree = "<group>"; };
		048D9533206308FF009A9D39 /* Info.plist */ = {isa = PBXFileReference; lastKnownFileType = text.plist.xml; path = Info.plist; sourceTree = "<group>"; };
		04AA1A7E20752A78002AABA9 /* SecSettingViewController.swift */ = {isa = PBXFileReference; lastKnownFileType = sourcecode.swift; path = SecSettingViewController.swift; sourceTree = "<group>"; };
		04AE9340209B8C15000ECC4D /* GoogleService-Info.plist */ = {isa = PBXFileReference; fileEncoding = 4; lastKnownFileType = text.plist.xml; name = "GoogleService-Info.plist"; path = "../../GoogleService-Info.plist"; sourceTree = "<group>"; };
		04C5F14F20637635003530B7 /* FirSettingViewController.swift */ = {isa = PBXFileReference; lastKnownFileType = sourcecode.swift; path = FirSettingViewController.swift; sourceTree = "<group>"; };
		04C5F1632063C3BA003530B7 /* CustomTableViewCell.swift */ = {isa = PBXFileReference; lastKnownFileType = sourcecode.swift; path = CustomTableViewCell.swift; sourceTree = "<group>"; };
		04C5F1642063C3BA003530B7 /* CustomTableViewCell.xib */ = {isa = PBXFileReference; lastKnownFileType = file.xib; path = CustomTableViewCell.xib; sourceTree = "<group>"; };
		04EAF3AB2063EDBF00D2C9A3 /* SettingTableViewCell.swift */ = {isa = PBXFileReference; lastKnownFileType = sourcecode.swift; path = SettingTableViewCell.swift; sourceTree = "<group>"; };
		04EAF3AC2063EDBF00D2C9A3 /* SettingTableViewCell.xib */ = {isa = PBXFileReference; lastKnownFileType = file.xib; path = SettingTableViewCell.xib; sourceTree = "<group>"; };
		4F019C2B2059223CAF084E1B /* Pods-IOSDev.debug.xcconfig */ = {isa = PBXFileReference; includeInIndex = 1; lastKnownFileType = text.xcconfig; name = "Pods-IOSDev.debug.xcconfig"; path = "Pods/Target Support Files/Pods-IOSDev/Pods-IOSDev.debug.xcconfig"; sourceTree = "<group>"; };
		B2ABD43CF164BB7A5234DDA4 /* Pods_IOSDev.framework */ = {isa = PBXFileReference; explicitFileType = wrapper.framework; includeInIndex = 0; path = Pods_IOSDev.framework; sourceTree = BUILT_PRODUCTS_DIR; };
		E14D49430E2C28512CDF54B5 /* Pods-IOSDev.release.xcconfig */ = {isa = PBXFileReference; includeInIndex = 1; lastKnownFileType = text.xcconfig; name = "Pods-IOSDev.release.xcconfig"; path = "Pods/Target Support Files/Pods-IOSDev/Pods-IOSDev.release.xcconfig"; sourceTree = "<group>"; };
/* End PBXFileReference section */

/* Begin PBXFrameworksBuildPhase section */
		048D9521206308FF009A9D39 /* Frameworks */ = {
			isa = PBXFrameworksBuildPhase;
			buildActionMask = 2147483647;
			files = (
				C5D00E12F1A22CC3BC6B013B /* Pods_IOSDev.framework in Frameworks */,
			);
			runOnlyForDeploymentPostprocessing = 0;
		};
/* End PBXFrameworksBuildPhase section */

/* Begin PBXGroup section */
		048D951B206308FF009A9D39 = {
			isa = PBXGroup;
			children = (
				048D9526206308FF009A9D39 /* IOSDev */,
				048D9525206308FF009A9D39 /* Products */,
				46C39026CB070DEB6FCADE35 /* Pods */,
				7F611BD33CE296E955313018 /* Frameworks */,
			);
			sourceTree = "<group>";
		};
		048D9525206308FF009A9D39 /* Products */ = {
			isa = PBXGroup;
			children = (
				048D9524206308FF009A9D39 /* IOSDev.app */,
			);
			name = Products;
			sourceTree = "<group>";
		};
		048D9526206308FF009A9D39 /* IOSDev */ = {
			isa = PBXGroup;
			children = (
				048D9527206308FF009A9D39 /* AppDelegate.swift */,
				048D9529206308FF009A9D39 /* ViewController.swift */,
				04709AE02077398D00D43416 /* MainViewController.swift */,
				04C437DC20AD55B6008E7649 /* InputView */,
				04C437DA20AD5542008E7649 /* StoryBoards */,
				04C437DB20AD5596008E7649 /* SettingsView */,
				04C437D920AD551E008E7649 /* Cells */,
				048D952E206308FF009A9D39 /* Assets.xcassets */,
				048D9533206308FF009A9D39 /* Info.plist */,
				04AE9340209B8C15000ECC4D /* GoogleService-Info.plist */,
			);
			path = IOSDev;
			sourceTree = "<group>";
		};
		04C437D920AD551E008E7649 /* Cells */ = {
			isa = PBXGroup;
			children = (
				04709AE62078D72F00D43416 /* AudCellModel.swift */,
				04C5F1632063C3BA003530B7 /* CustomTableViewCell.swift */,
				04C5F1642063C3BA003530B7 /* CustomTableViewCell.xib */,
				04EAF3AB2063EDBF00D2C9A3 /* SettingTableViewCell.swift */,
				04EAF3AC2063EDBF00D2C9A3 /* SettingTableViewCell.xib */,
			);
			path = Cells;
			sourceTree = "<group>";
		};
		04C437DA20AD5542008E7649 /* StoryBoards */ = {
			isa = PBXGroup;
			children = (
				048D952B206308FF009A9D39 /* Main.storyboard */,
				048D9530206308FF009A9D39 /* LaunchScreen.storyboard */,
			);
			path = StoryBoards;
			sourceTree = "<group>";
		};
		04C437DB20AD5596008E7649 /* SettingsView */ = {
			isa = PBXGroup;
			children = (
				04C5F14F20637635003530B7 /* FirSettingViewController.swift */,
				04AA1A7E20752A78002AABA9 /* SecSettingViewController.swift */,
			);
			path = SettingsView;
			sourceTree = "<group>";
		};
		04C437DC20AD55B6008E7649 /* InputView */ = {
			isa = PBXGroup;
			children = (
				04709AE420776E1100D43416 /* EditMapTextViewController.swift */,
				04709AE220776DC000D43416 /* LibraryMapViewController.swift */,
			);
			path = InputView;
			sourceTree = "<group>";
		};
		46C39026CB070DEB6FCADE35 /* Pods */ = {
			isa = PBXGroup;
			children = (
				4F019C2B2059223CAF084E1B /* Pods-IOSDev.debug.xcconfig */,
				E14D49430E2C28512CDF54B5 /* Pods-IOSDev.release.xcconfig */,
			);
			name = Pods;
			sourceTree = "<group>";
		};
		7F611BD33CE296E955313018 /* Frameworks */ = {
			isa = PBXGroup;
			children = (
				B2ABD43CF164BB7A5234DDA4 /* Pods_IOSDev.framework */,
			);
			name = Frameworks;
			sourceTree = "<group>";
		};
/* End PBXGroup section */

/* Begin PBXNativeTarget section */
		048D9523206308FF009A9D39 /* IOSDev */ = {
			isa = PBXNativeTarget;
			buildConfigurationList = 048D9536206308FF009A9D39 /* Build configuration list for PBXNativeTarget "IOSDev" */;
			buildPhases = (
				0B933B46A2E66CE07D51A9D1 /* [CP] Check Pods Manifest.lock */,
				048D9520206308FF009A9D39 /* Sources */,
				048D9521206308FF009A9D39 /* Frameworks */,
				048D9522206308FF009A9D39 /* Resources */,
				28BB0B359D5DDE2A32A70A3B /* [CP] Embed Pods Frameworks */,
			);
			buildRules = (
			);
			dependencies = (
			);
			name = IOSDev;
			productName = IOSDev;
			productReference = 048D9524206308FF009A9D39 /* IOSDev.app */;
			productType = "com.apple.product-type.application";
		};
/* End PBXNativeTarget section */

/* Begin PBXProject section */
		048D951C206308FF009A9D39 /* Project object */ = {
			isa = PBXProject;
			attributes = {
				LastSwiftUpdateCheck = 0920;
				LastUpgradeCheck = 0930;
				ORGANIZATIONNAME = Ilya;
				TargetAttributes = {
					048D9523206308FF009A9D39 = {
						CreatedOnToolsVersion = 9.2;
						ProvisioningStyle = Automatic;
					};
				};
			};
			buildConfigurationList = 048D951F206308FF009A9D39 /* Build configuration list for PBXProject "IOSDev" */;
			compatibilityVersion = "Xcode 8.0";
			developmentRegion = en;
			hasScannedForEncodings = 0;
			knownRegions = (
				en,
				Base,
			);
			mainGroup = 048D951B206308FF009A9D39;
			productRefGroup = 048D9525206308FF009A9D39 /* Products */;
			projectDirPath = "";
			projectRoot = "";
			targets = (
				048D9523206308FF009A9D39 /* IOSDev */,
			);
		};
/* End PBXProject section */

/* Begin PBXResourcesBuildPhase section */
		048D9522206308FF009A9D39 /* Resources */ = {
			isa = PBXResourcesBuildPhase;
			buildActionMask = 2147483647;
			files = (
				048D9532206308FF009A9D39 /* LaunchScreen.storyboard in Resources */,
				048D952F206308FF009A9D39 /* Assets.xcassets in Resources */,
				04C5F1662063C3BA003530B7 /* CustomTableViewCell.xib in Resources */,
				04EAF3AE2063EDBF00D2C9A3 /* SettingTableViewCell.xib in Resources */,
				048D952D206308FF009A9D39 /* Main.storyboard in Resources */,
				04AE9341209B8C15000ECC4D /* GoogleService-Info.plist in Resources */,
			);
			runOnlyForDeploymentPostprocessing = 0;
		};
/* End PBXResourcesBuildPhase section */

/* Begin PBXShellScriptBuildPhase section */
		0B933B46A2E66CE07D51A9D1 /* [CP] Check Pods Manifest.lock */ = {
			isa = PBXShellScriptBuildPhase;
			buildActionMask = 2147483647;
			files = (
			);
			inputPaths = (
				"${PODS_PODFILE_DIR_PATH}/Podfile.lock",
				"${PODS_ROOT}/Manifest.lock",
			);
			name = "[CP] Check Pods Manifest.lock";
			outputPaths = (
				"$(DERIVED_FILE_DIR)/Pods-IOSDev-checkManifestLockResult.txt",
			);
			runOnlyForDeploymentPostprocessing = 0;
			shellPath = /bin/sh;
			shellScript = "diff \"${PODS_PODFILE_DIR_PATH}/Podfile.lock\" \"${PODS_ROOT}/Manifest.lock\" > /dev/null\nif [ $? != 0 ] ; then\n    # print error to STDERR\n    echo \"error: The sandbox is not in sync with the Podfile.lock. Run 'pod install' or update your CocoaPods installation.\" >&2\n    exit 1\nfi\n# This output is used by Xcode 'outputs' to avoid re-running this script phase.\necho \"SUCCESS\" > \"${SCRIPT_OUTPUT_FILE_0}\"\n";
			showEnvVarsInLog = 0;
		};
		28BB0B359D5DDE2A32A70A3B /* [CP] Embed Pods Frameworks */ = {
			isa = PBXShellScriptBuildPhase;
			buildActionMask = 2147483647;
			files = (
			);
			inputPaths = (
				"${SRCROOT}/Pods/Target Support Files/Pods-IOSDev/Pods-IOSDev-frameworks.sh",
				"${BUILT_PRODUCTS_DIR}/GoogleToolboxForMac/GoogleToolboxForMac.framework",
				"${BUILT_PRODUCTS_DIR}/leveldb-library/leveldb.framework",
				"${BUILT_PRODUCTS_DIR}/nanopb/nanopb.framework",
			);
			name = "[CP] Embed Pods Frameworks";
			outputPaths = (
				"${TARGET_BUILD_DIR}/${FRAMEWORKS_FOLDER_PATH}/GoogleToolboxForMac.framework",
				"${TARGET_BUILD_DIR}/${FRAMEWORKS_FOLDER_PATH}/leveldb.framework",
				"${TARGET_BUILD_DIR}/${FRAMEWORKS_FOLDER_PATH}/nanopb.framework",
			);
			runOnlyForDeploymentPostprocessing = 0;
			shellPath = /bin/sh;
			shellScript = "\"${SRCROOT}/Pods/Target Support Files/Pods-IOSDev/Pods-IOSDev-frameworks.sh\"\n";
			showEnvVarsInLog = 0;
		};
/* End PBXShellScriptBuildPhase section */

/* Begin PBXSourcesBuildPhase section */
		048D9520206308FF009A9D39 /* Sources */ = {
			isa = PBXSourcesBuildPhase;
			buildActionMask = 2147483647;
			files = (
				04C5F1652063C3BA003530B7 /* CustomTableViewCell.swift in Sources */,
				04EAF3AD2063EDBF00D2C9A3 /* SettingTableViewCell.swift in Sources */,
				04709AE320776DC100D43416 /* LibraryMapViewController.swift in Sources */,
				04709AE12077398D00D43416 /* MainViewController.swift in Sources */,
				04709AE72078D72F00D43416 /* AudCellModel.swift in Sources */,
				04709AE520776E1100D43416 /* EditMapTextViewController.swift in Sources */,
				048D952A206308FF009A9D39 /* ViewController.swift in Sources */,
				04C5F15020637635003530B7 /* FirSettingViewController.swift in Sources */,
				04AA1A7F20752A78002AABA9 /* SecSettingViewController.swift in Sources */,
				048D9528206308FF009A9D39 /* AppDelegate.swift in Sources */,
			);
			runOnlyForDeploymentPostprocessing = 0;
		};
/* End PBXSourcesBuildPhase section */

/* Begin PBXVariantGroup section */
		048D952B206308FF009A9D39 /* Main.storyboard */ = {
			isa = PBXVariantGroup;
			children = (
				048D952C206308FF009A9D39 /* Base */,
			);
			name = Main.storyboard;
			sourceTree = "<group>";
		};
		048D9530206308FF009A9D39 /* LaunchScreen.storyboard */ = {
			isa = PBXVariantGroup;
			children = (
				048D9531206308FF009A9D39 /* Base */,
			);
			name = LaunchScreen.storyboard;
			sourceTree = "<group>";
		};
/* End PBXVariantGroup section */

/* Begin XCBuildConfiguration section */
		048D9534206308FF009A9D39 /* Debug */ = {
			isa = XCBuildConfiguration;
			buildSettings = {
				ALWAYS_SEARCH_USER_PATHS = NO;
				CLANG_ANALYZER_NONNULL = YES;
				CLANG_ANALYZER_NUMBER_OBJECT_CONVERSION = YES_AGGRESSIVE;
				CLANG_CXX_LANGUAGE_STANDARD = "gnu++14";
				CLANG_CXX_LIBRARY = "libc++";
				CLANG_ENABLE_MODULES = YES;
				CLANG_ENABLE_OBJC_ARC = YES;
				CLANG_WARN_BLOCK_CAPTURE_AUTORELEASING = YES;
				CLANG_WARN_BOOL_CONVERSION = YES;
				CLANG_WARN_COMMA = YES;
				CLANG_WARN_CONSTANT_CONVERSION = YES;
				CLANG_WARN_DEPRECATED_OBJC_IMPLEMENTATIONS = YES;
				CLANG_WARN_DIRECT_OBJC_ISA_USAGE = YES_ERROR;
				CLANG_WARN_DOCUMENTATION_COMMENTS = YES;
				CLANG_WARN_EMPTY_BODY = YES;
				CLANG_WARN_ENUM_CONVERSION = YES;
				CLANG_WARN_INFINITE_RECURSION = YES;
				CLANG_WARN_INT_CONVERSION = YES;
				CLANG_WARN_NON_LITERAL_NULL_CONVERSION = YES;
				CLANG_WARN_OBJC_IMPLICIT_RETAIN_SELF = YES;
				CLANG_WARN_OBJC_LITERAL_CONVERSION = YES;
				CLANG_WARN_OBJC_ROOT_CLASS = YES_ERROR;
				CLANG_WARN_RANGE_LOOP_ANALYSIS = YES;
				CLANG_WARN_STRICT_PROTOTYPES = YES;
				CLANG_WARN_SUSPICIOUS_MOVE = YES;
				CLANG_WARN_UNGUARDED_AVAILABILITY = YES_AGGRESSIVE;
				CLANG_WARN_UNREACHABLE_CODE = YES;
				CLANG_WARN__DUPLICATE_METHOD_MATCH = YES;
				CODE_SIGN_IDENTITY = "iPhone Developer";
				COPY_PHASE_STRIP = NO;
				DEBUG_INFORMATION_FORMAT = dwarf;
				ENABLE_STRICT_OBJC_MSGSEND = YES;
				ENABLE_TESTABILITY = YES;
				GCC_C_LANGUAGE_STANDARD = gnu11;
				GCC_DYNAMIC_NO_PIC = NO;
				GCC_NO_COMMON_BLOCKS = YES;
				GCC_OPTIMIZATION_LEVEL = 0;
				GCC_PREPROCESSOR_DEFINITIONS = (
					"DEBUG=1",
					"$(inherited)",
				);
				GCC_WARN_64_TO_32_BIT_CONVERSION = YES;
				GCC_WARN_ABOUT_RETURN_TYPE = YES_ERROR;
				GCC_WARN_UNDECLARED_SELECTOR = YES;
				GCC_WARN_UNINITIALIZED_AUTOS = YES_AGGRESSIVE;
				GCC_WARN_UNUSED_FUNCTION = YES;
				GCC_WARN_UNUSED_VARIABLE = YES;
				IPHONEOS_DEPLOYMENT_TARGET = 11.3;
				MTL_ENABLE_DEBUG_INFO = YES;
				ONLY_ACTIVE_ARCH = YES;
				SDKROOT = iphoneos;
				SWIFT_ACTIVE_COMPILATION_CONDITIONS = DEBUG;
				SWIFT_OPTIMIZATION_LEVEL = "-Onone";
			};
			name = Debug;
		};
		048D9535206308FF009A9D39 /* Release */ = {
			isa = XCBuildConfiguration;
			buildSettings = {
				ALWAYS_SEARCH_USER_PATHS = NO;
				CLANG_ANALYZER_NONNULL = YES;
				CLANG_ANALYZER_NUMBER_OBJECT_CONVERSION = YES_AGGRESSIVE;
				CLANG_CXX_LANGUAGE_STANDARD = "gnu++14";
				CLANG_CXX_LIBRARY = "libc++";
				CLANG_ENABLE_MODULES = YES;
				CLANG_ENABLE_OBJC_ARC = YES;
				CLANG_WARN_BLOCK_CAPTURE_AUTORELEASING = YES;
				CLANG_WARN_BOOL_CONVERSION = YES;
				CLANG_WARN_COMMA = YES;
				CLANG_WARN_CONSTANT_CONVERSION = YES;
				CLANG_WARN_DEPRECATED_OBJC_IMPLEMENTATIONS = YES;
				CLANG_WARN_DIRECT_OBJC_ISA_USAGE = YES_ERROR;
				CLANG_WARN_DOCUMENTATION_COMMENTS = YES;
				CLANG_WARN_EMPTY_BODY = YES;
				CLANG_WARN_ENUM_CONVERSION = YES;
				CLANG_WARN_INFINITE_RECURSION = YES;
				CLANG_WARN_INT_CONVERSION = YES;
				CLANG_WARN_NON_LITERAL_NULL_CONVERSION = YES;
				CLANG_WARN_OBJC_IMPLICIT_RETAIN_SELF = YES;
				CLANG_WARN_OBJC_LITERAL_CONVERSION = YES;
				CLANG_WARN_OBJC_ROOT_CLASS = YES_ERROR;
				CLANG_WARN_RANGE_LOOP_ANALYSIS = YES;
				CLANG_WARN_STRICT_PROTOTYPES = YES;
				CLANG_WARN_SUSPICIOUS_MOVE = YES;
				CLANG_WARN_UNGUARDED_AVAILABILITY = YES_AGGRESSIVE;
				CLANG_WARN_UNREACHABLE_CODE = YES;
				CLANG_WARN__DUPLICATE_METHOD_MATCH = YES;
				CODE_SIGN_IDENTITY = "iPhone Developer";
				COPY_PHASE_STRIP = NO;
				DEBUG_INFORMATION_FORMAT = "dwarf-with-dsym";
				ENABLE_NS_ASSERTIONS = NO;
				ENABLE_STRICT_OBJC_MSGSEND = YES;
				GCC_C_LANGUAGE_STANDARD = gnu11;
				GCC_NO_COMMON_BLOCKS = YES;
				GCC_WARN_64_TO_32_BIT_CONVERSION = YES;
				GCC_WARN_ABOUT_RETURN_TYPE = YES_ERROR;
				GCC_WARN_UNDECLARED_SELECTOR = YES;
				GCC_WARN_UNINITIALIZED_AUTOS = YES_AGGRESSIVE;
				GCC_WARN_UNUSED_FUNCTION = YES;
				GCC_WARN_UNUSED_VARIABLE = YES;
				IPHONEOS_DEPLOYMENT_TARGET = 11.3;
				MTL_ENABLE_DEBUG_INFO = NO;
				SDKROOT = iphoneos;
				SWIFT_OPTIMIZATION_LEVEL = "-Owholemodule";
				VALIDATE_PRODUCT = YES;
			};
			name = Release;
		};
		048D9537206308FF009A9D39 /* Debug */ = {
			isa = XCBuildConfiguration;
			baseConfigurationReference = 4F019C2B2059223CAF084E1B /* Pods-IOSDev.debug.xcconfig */;
			buildSettings = {
				ASSETCATALOG_COMPILER_APPICON_NAME = AppIcon;
				CODE_SIGN_STYLE = Automatic;
				DEVELOPMENT_TEAM = NY38MY3TDQ;
				INFOPLIST_FILE = IOSDev/Info.plist;
				LD_RUNPATH_SEARCH_PATHS = "$(inherited) @executable_path/Frameworks";
				PRODUCT_BUNDLE_IDENTIFIER = None.IOSDev;
				PRODUCT_NAME = "$(TARGET_NAME)";
				SWIFT_VERSION = 4.0;
				TARGETED_DEVICE_FAMILY = "1,2";
			};
			name = Debug;
		};
		048D9538206308FF009A9D39 /* Release */ = {
			isa = XCBuildConfiguration;
			baseConfigurationReference = E14D49430E2C28512CDF54B5 /* Pods-IOSDev.release.xcconfig */;
			buildSettings = {
				ASSETCATALOG_COMPILER_APPICON_NAME = AppIcon;
				CODE_SIGN_STYLE = Automatic;
				DEVELOPMENT_TEAM = NY38MY3TDQ;
				INFOPLIST_FILE = IOSDev/Info.plist;
				LD_RUNPATH_SEARCH_PATHS = "$(inherited) @executable_path/Frameworks";
				PRODUCT_BUNDLE_IDENTIFIER = None.IOSDev;
				PRODUCT_NAME = "$(TARGET_NAME)";
				SWIFT_VERSION = 4.0;
				TARGETED_DEVICE_FAMILY = "1,2";
			};
			name = Release;
		};
/* End XCBuildConfiguration section */

/* Begin XCConfigurationList section */
		048D951F206308FF009A9D39 /* Build configuration list for PBXProject "IOSDev" */ = {
			isa = XCConfigurationList;
			buildConfigurations = (
				048D9534206308FF009A9D39 /* Debug */,
				048D9535206308FF009A9D39 /* Release */,
			);
			defaultConfigurationIsVisible = 0;
			defaultConfigurationName = Release;
		};
		048D9536206308FF009A9D39 /* Build configuration list for PBXNativeTarget "IOSDev" */ = {
			isa = XCConfigurationList;
			buildConfigurations = (
				048D9537206308FF009A9D39 /* Debug */,
				048D9538206308FF009A9D39 /* Release */,
			);
			defaultConfigurationIsVisible = 0;
			defaultConfigurationName = Release;
		};
/* End XCConfigurationList section */
	};
	rootObject = 048D951C206308FF009A9D39 /* Project object */;
}
